
Microsoft Visual Studio Solution File, Format Version 12.00
# Visual Studio Version 17
VisualStudioVersion = 17.10.35027.167
MinimumVisualStudioVersion = 10.0.40219.1
Project("{FAE04EC0-301F-11D3-BF4B-00C04F79EFBC}") = "StockApp.WebAPI", "StockApp.WebAPI\StockApp.WebAPI.csproj", "{11237B4A-8D2E-4D11-AD3B-77C98838E3DF}"
EndProject
Project("{FAE04EC0-301F-11D3-BF4B-00C04F79EFBC}") = "StockApp.OrleansHost", "StockApp.OrleansHost\StockApp.OrleansHost.csproj", "{5A495312-5ED2-4107-A3C1-7CB3F4FDD830}"
EndProject
Project("{FAE04EC0-301F-11D3-BF4B-00C04F79EFBC}") = "StockApp.Contracts", "StockApp.Contracts\StockApp.Contracts.csproj", "{B2A91C8F-2A40-4F47-8031-8DC482A9D5AA}"
EndProject
Global
	GlobalSection(SolutionConfigurationPlatforms) = preSolution
		Debug|Any CPU = Debug|Any CPU
		Release|Any CPU = Release|Any CPU
	EndGlobalSection
	GlobalSection(ProjectConfigurationPlatforms) = postSolution
		{11237B4A-8D2E-4D11-AD3B-77C98838E3DF}.Debug|Any CPU.ActiveCfg = Debug|Any CPU
		{11237B4A-8D2E-4D11-AD3B-77C98838E3DF}.Debug|Any CPU.Build.0 = Debug|Any CPU
		{11237B4A-8D2E-4D11-AD3B-77C98838E3DF}.Release|Any CPU.ActiveCfg = Release|Any CPU
		{11237B4A-8D2E-4D11-AD3B-77C98838E3DF}.Release|Any CPU.Build.0 = Release|Any CPU
		{5A495312-5ED2-4107-A3C1-7CB3F4FDD830}.Debug|Any CPU.ActiveCfg = Debug|Any CPU
		{5A495312-5ED2-4107-A3C1-7CB3F4FDD830}.Debug|Any CPU.Build.0 = Debug|Any CPU
		{5A495312-5ED2-4107-A3C1-7CB3F4FDD830}.Release|Any CPU.ActiveCfg = Release|Any CPU
		{5A495312-5ED2-4107-A3C1-7CB3F4FDD830}.Release|Any CPU.Build.0 = Release|Any CPU
		{B2A91C8F-2A40-4F47-8031-8DC482A9D5AA}.Debug|Any CPU.ActiveCfg = Debug|Any CPU
		{B2A91C8F-2A40-4F47-8031-8DC482A9D5AA}.Debug|Any CPU.Build.0 = Debug|Any CPU
		{B2A91C8F-2A40-4F47-8031-8DC482A9D5AA}.Release|Any CPU.ActiveCfg = Release|Any CPU
		{B2A91C8F-2A40-4F47-8031-8DC482A9D5AA}.Release|Any CPU.Build.0 = Release|Any CPU
	EndGlobalSection
	GlobalSection(SolutionProperties) = preSolution
		HideSolutionNode = FALSE
	EndGlobalSection
	GlobalSection(ExtensibilityGlobals) = postSolution
		SolutionGuid = {FA67F250-697B-4A2F-91E5-CDA5BBE3F5EF}
	EndGlobalSection
EndGlobal
